
Microsoft Visual Studio Solution File, Format Version 12.00
# Visual Studio Version 17
VisualStudioVersion = 17.10.34916.146
MinimumVisualStudioVersion = 10.0.40219.1
Project("{FAE04EC0-301F-11D3-BF4B-00C04F79EFBC}") = "AllBuyMyself", "AllBuyMyself.csproj", "{89F17376-34F0-4CBA-A94B-91BE823AEB4D}"
EndProject
Global
	GlobalSection(SolutionConfigurationPlatforms) = preSolution
		Debug|Any CPU = Debug|Any CPU
		Release|Any CPU = Release|Any CPU
	EndGlobalSection
	GlobalSection(ProjectConfigurationPlatforms) = postSolution
		{89F17376-34F0-4CBA-A94B-91BE823AEB4D}.Debug|Any CPU.ActiveCfg = Debug|Any CPU
		{89F17376-34F0-4CBA-A94B-91BE823AEB4D}.Debug|Any CPU.Build.0 = Debug|Any CPU
		{89F17376-34F0-4CBA-A94B-91BE823AEB4D}.Release|Any CPU.ActiveCfg = Release|Any CPU
		{89F17376-34F0-4CBA-A94B-91BE823AEB4D}.Release|Any CPU.Build.0 = Release|Any CPU
	EndGlobalSection
	GlobalSection(SolutionProperties) = preSolution
		HideSolutionNode = FALSE
	EndGlobalSection
	GlobalSection(ExtensibilityGlobals) = postSolution
		SolutionGuid = {217E87DD-1AF5-4C6E-B399-EC071DC9EBD5}
	EndGlobalSection
EndGlobal
